
Microsoft Visual Studio Solution File, Format Version 12.00
# Visual Studio Version 17
VisualStudioVersion = 17.2.32630.192
MinimumVisualStudioVersion = 10.0.40219.1
Project("{FAE04EC0-301F-11D3-BF4B-00C04F79EFBC}") = "DevIO.Business", "src\DevIO.Business\DevIO.Business\DevIO.Business.csproj", "{E6062FA8-AAC4-4F55-AC4D-EB41250F55A9}"
EndProject
Project("{FAE04EC0-301F-11D3-BF4B-00C04F79EFBC}") = "DevIO.Data", "src\DevIO.Data\DevIO.Data\DevIO.Data.csproj", "{EBE9492B-0FBF-473D-9D81-03EA78EE15E2}"
EndProject
Global
	GlobalSection(SolutionConfigurationPlatforms) = preSolution
		Debug|Any CPU = Debug|Any CPU
		Release|Any CPU = Release|Any CPU
	EndGlobalSection
	GlobalSection(ProjectConfigurationPlatforms) = postSolution
		{E6062FA8-AAC4-4F55-AC4D-EB41250F55A9}.Debug|Any CPU.ActiveCfg = Debug|Any CPU
		{E6062FA8-AAC4-4F55-AC4D-EB41250F55A9}.Debug|Any CPU.Build.0 = Debug|Any CPU
		{E6062FA8-AAC4-4F55-AC4D-EB41250F55A9}.Release|Any CPU.ActiveCfg = Release|Any CPU
		{E6062FA8-AAC4-4F55-AC4D-EB41250F55A9}.Release|Any CPU.Build.0 = Release|Any CPU
		{EBE9492B-0FBF-473D-9D81-03EA78EE15E2}.Debug|Any CPU.ActiveCfg = Debug|Any CPU
		{EBE9492B-0FBF-473D-9D81-03EA78EE15E2}.Debug|Any CPU.Build.0 = Debug|Any CPU
		{EBE9492B-0FBF-473D-9D81-03EA78EE15E2}.Release|Any CPU.ActiveCfg = Release|Any CPU
		{EBE9492B-0FBF-473D-9D81-03EA78EE15E2}.Release|Any CPU.Build.0 = Release|Any CPU
	EndGlobalSection
	GlobalSection(SolutionProperties) = preSolution
		HideSolutionNode = FALSE
	EndGlobalSection
	GlobalSection(ExtensibilityGlobals) = postSolution
		SolutionGuid = {A35D6BD8-2E71-4516-AB08-B03E99F356BD}
	EndGlobalSection
EndGlobal
